
Microsoft Visual Studio Solution File, Format Version 12.00
# Visual Studio Version 16
VisualStudioVersion = 16.0.30717.126
MinimumVisualStudioVersion = 10.0.40219.1
Project("{FAE04EC0-301F-11D3-BF4B-00C04F79EFBC}") = "Zadatak1", "Zadatak1\Zadatak1.csproj", "{B1572E88-434B-468A-849E-8FF959501D46}"
EndProject
Project("{FAE04EC0-301F-11D3-BF4B-00C04F79EFBC}") = "Zadatak1.Demo", "Zadatak1.Demo\Zadatak1.Demo.csproj", "{AB6F1065-56E8-46DD-B2F7-45AE21080875}"
EndProject
Project("{FAE04EC0-301F-11D3-BF4B-00C04F79EFBC}") = "Zadatak1.Tests", "UnitTestProject1\Zadatak1.Tests.csproj", "{4290390C-BA68-4FA8-AB64-770910F970BC}"
EndProject
Global
	GlobalSection(SolutionConfigurationPlatforms) = preSolution
		Debug|Any CPU = Debug|Any CPU
		Release|Any CPU = Release|Any CPU
	EndGlobalSection
	GlobalSection(ProjectConfigurationPlatforms) = postSolution
		{B1572E88-434B-468A-849E-8FF959501D46}.Debug|Any CPU.ActiveCfg = Debug|Any CPU
		{B1572E88-434B-468A-849E-8FF959501D46}.Debug|Any CPU.Build.0 = Debug|Any CPU
		{B1572E88-434B-468A-849E-8FF959501D46}.Release|Any CPU.ActiveCfg = Release|Any CPU
		{B1572E88-434B-468A-849E-8FF959501D46}.Release|Any CPU.Build.0 = Release|Any CPU
		{AB6F1065-56E8-46DD-B2F7-45AE21080875}.Debug|Any CPU.ActiveCfg = Debug|Any CPU
		{AB6F1065-56E8-46DD-B2F7-45AE21080875}.Debug|Any CPU.Build.0 = Debug|Any CPU
		{AB6F1065-56E8-46DD-B2F7-45AE21080875}.Release|Any CPU.ActiveCfg = Release|Any CPU
		{AB6F1065-56E8-46DD-B2F7-45AE21080875}.Release|Any CPU.Build.0 = Release|Any CPU
		{4290390C-BA68-4FA8-AB64-770910F970BC}.Debug|Any CPU.ActiveCfg = Debug|Any CPU
		{4290390C-BA68-4FA8-AB64-770910F970BC}.Debug|Any CPU.Build.0 = Debug|Any CPU
		{4290390C-BA68-4FA8-AB64-770910F970BC}.Release|Any CPU.ActiveCfg = Release|Any CPU
		{4290390C-BA68-4FA8-AB64-770910F970BC}.Release|Any CPU.Build.0 = Release|Any CPU
	EndGlobalSection
	GlobalSection(SolutionProperties) = preSolution
		HideSolutionNode = FALSE
	EndGlobalSection
	GlobalSection(ExtensibilityGlobals) = postSolution
		SolutionGuid = {2C10D049-EBC4-4DE8-9F0E-8B07028C71C4}
	EndGlobalSection
EndGlobal
